{
  "version": 4,
  "terraform_version": "1.12.2",
  "serial": 3,
  "lineage": "5a7f778e-9115-1c0b-1d33-42a6edd9aae1",
  "outputs": {
    "vault_example": {
      "value": {
        "test": "congrats!"
      },
      "type": [
        "map",
        "string"
      ]
    }
  },
  "resources": [
    {
      "mode": "data",
      "type": "vault_generic_secret",
      "name": "vault_example",
      "provider": "provider[\"registry.terraform.io/hashicorp/vault\"]",
      "instances": [
        {
          "schema_version": 0,
          "attributes": {
            "data": {
              "test": "congrats!"
            },
            "data_json": "{\"test\":\"congrats!\"}",
            "id": "secret/example",
            "lease_duration": 0,
            "lease_id": "",
            "lease_renewable": false,
            "lease_start_time": "2026-09-19T07:26:49Z",
            "namespace": null,
            "path": "secret/example",
            "version": -1,
            "with_lease_start_time": true
          },
          "sensitive_attributes": [
            [
              {
                "type": "get_attr",
                "value": "data"
              }
            ],
            [
              {
                "type": "get_attr",
                "value": "data_json"
              }
            ]
          ],
          "identity_schema_version": 0
        }
      ]
    },
    {
      "mode": "managed",
      "type": "vault_generic_secret",
      "name": "my_secret",
      "provider": "provider[\"registry.terraform.io/hashicorp/vault\"]",
      "instances": [
        {
          "schema_version": 1,
          "attributes": {
            "data": {
              "test": "my secret"
            },
            "data_json": "{\"test\":\"my secret\"}",
            "delete_all_versions": false,
            "disable_read": false,
            "id": "secret/example",
            "namespace": null,
            "path": "secret/example"
          },
          "sensitive_attributes": [
            [
              {
                "type": "get_attr",
                "value": "data"
              }
            ],
            [
              {
                "type": "get_attr",
                "value": "data_json"
              }
            ]
          ],
          "identity_schema_version": 0,
          "private": "eyJzY2hlbWFfdmVyc2lvbiI6IjEifQ=="
        }
      ]
    }
  ],
  "check_results": null
}
